// !$*UTF8*$!
{
	archiveVersion = 1;
	classes = {
	};
	objectVersion = 54;
	objects = {

/* Begin PBXBuildFile section */
		614FA66A262AA56A00A68B04 /* LeBackupApp.swift in Sources */ = {isa = PBXBuildFile; fileRef = 614FA669262AA56A00A68B04 /* LeBackupApp.swift */; };
		614FA66C262AA56A00A68B04 /* ContentView.swift in Sources */ = {isa = PBXBuildFile; fileRef = 614FA66B262AA56A00A68B04 /* ContentView.swift */; };
		614FA66E262AA56A00A68B04 /* Assets.xcassets in Resources */ = {isa = PBXBuildFile; fileRef = 614FA66D262AA56A00A68B04 /* Assets.xcassets */; };
		614FA671262AA56B00A68B04 /* Preview Assets.xcassets in Resources */ = {isa = PBXBuildFile; fileRef = 614FA670262AA56A00A68B04 /* Preview Assets.xcassets */; };
		614FA67F262B7FB900A68B04 /* Localizable.strings in Resources */ = {isa = PBXBuildFile; fileRef = 614FA681262B7FB900A68B04 /* Localizable.strings */; };
		614FA68C262B81F400A68B04 /* LogStore.swift in Sources */ = {isa = PBXBuildFile; fileRef = 614FA685262B81F300A68B04 /* LogStore.swift */; };
		614FA68D262B81F400A68B04 /* Runner.swift in Sources */ = {isa = PBXBuildFile; fileRef = 614FA686262B81F300A68B04 /* Runner.swift */; };
		614FA68E262B81F400A68B04 /* PrefsView.swift in Sources */ = {isa = PBXBuildFile; fileRef = 614FA687262B81F300A68B04 /* PrefsView.swift */; };
		614FA68F262B81F400A68B04 /* Scripter.swift in Sources */ = {isa = PBXBuildFile; fileRef = 614FA688262B81F300A68B04 /* Scripter.swift */; };
		614FA691262B81F400A68B04 /* LogView.swift in Sources */ = {isa = PBXBuildFile; fileRef = 614FA68A262B81F400A68B04 /* LogView.swift */; };
		614FA692262B81F400A68B04 /* Prefs.swift in Sources */ = {isa = PBXBuildFile; fileRef = 614FA68B262B81F400A68B04 /* Prefs.swift */; };
		614FA69E262D473700A68B04 /* quack.mp3 in Resources */ = {isa = PBXBuildFile; fileRef = 614FA69D262D473700A68B04 /* quack.mp3 */; };
		614FA6A6262E240700A68B04 /* BartyCrouch.swift in Sources */ = {isa = PBXBuildFile; fileRef = 614FA6A5262E240700A68B04 /* BartyCrouch.swift */; };
		614FA6AC262E44CB00A68B04 /* InfoPlist.strings in Resources */ = {isa = PBXBuildFile; fileRef = 614FA6AE262E44CB00A68B04 /* InfoPlist.strings */; };
		614FA6C62631EB3A00A68B04 /* ButtonStyles.swift in Sources */ = {isa = PBXBuildFile; fileRef = 614FA6C52631EB3A00A68B04 /* ButtonStyles.swift */; };
		614FA6CA2631ED4F00A68B04 /* DetailsDividerView.swift in Sources */ = {isa = PBXBuildFile; fileRef = 614FA6C92631ED4F00A68B04 /* DetailsDividerView.swift */; };
		614FA6CE2631F04C00A68B04 /* HostingWindowFinder.swift in Sources */ = {isa = PBXBuildFile; fileRef = 614FA6CD2631F04C00A68B04 /* HostingWindowFinder.swift */; };
		614FA71526378B0500A68B04 /* InlineActionPicker.swift in Sources */ = {isa = PBXBuildFile; fileRef = 614FA71426378B0500A68B04 /* InlineActionPicker.swift */; };
/* End PBXBuildFile section */

/* Begin PBXFileReference section */
		614FA666262AA56A00A68B04 /* LeBackup.app */ = {isa = PBXFileReference; explicitFileType = wrapper.application; includeInIndex = 0; path = LeBackup.app; sourceTree = BUILT_PRODUCTS_DIR; };
		614FA669262AA56A00A68B04 /* LeBackupApp.swift */ = {isa = PBXFileReference; lastKnownFileType = sourcecode.swift; path = LeBackupApp.swift; sourceTree = "<group>"; };
		614FA66B262AA56A00A68B04 /* ContentView.swift */ = {isa = PBXFileReference; lastKnownFileType = sourcecode.swift; path = ContentView.swift; sourceTree = "<group>"; };
		614FA66D262AA56A00A68B04 /* Assets.xcassets */ = {isa = PBXFileReference; lastKnownFileType = folder.assetcatalog; path = Assets.xcassets; sourceTree = "<group>"; };
		614FA670262AA56A00A68B04 /* Preview Assets.xcassets */ = {isa = PBXFileReference; lastKnownFileType = folder.assetcatalog; path = "Preview Assets.xcassets"; sourceTree = "<group>"; };
		614FA672262AA56B00A68B04 /* Info.plist */ = {isa = PBXFileReference; lastKnownFileType = text.plist.xml; path = Info.plist; sourceTree = "<group>"; };
		614FA673262AA56B00A68B04 /* LeBackup.entitlements */ = {isa = PBXFileReference; lastKnownFileType = text.plist.entitlements; path = LeBackup.entitlements; sourceTree = "<group>"; };
		614FA680262B7FB900A68B04 /* en */ = {isa = PBXFileReference; lastKnownFileType = text.plist.strings; name = en; path = en.lproj/Localizable.strings; sourceTree = "<group>"; };
		614FA683262B7FBE00A68B04 /* fr */ = {isa = PBXFileReference; lastKnownFileType = text.plist.strings; name = fr; path = fr.lproj/Localizable.strings; sourceTree = "<group>"; };
		614FA685262B81F300A68B04 /* LogStore.swift */ = {isa = PBXFileReference; fileEncoding = 4; lastKnownFileType = sourcecode.swift; path = LogStore.swift; sourceTree = "<group>"; };
		614FA686262B81F300A68B04 /* Runner.swift */ = {isa = PBXFileReference; fileEncoding = 4; lastKnownFileType = sourcecode.swift; path = Runner.swift; sourceTree = "<group>"; };
		614FA687262B81F300A68B04 /* PrefsView.swift */ = {isa = PBXFileReference; fileEncoding = 4; lastKnownFileType = sourcecode.swift; path = PrefsView.swift; sourceTree = "<group>"; };
		614FA688262B81F300A68B04 /* Scripter.swift */ = {isa = PBXFileReference; fileEncoding = 4; lastKnownFileType = sourcecode.swift; path = Scripter.swift; sourceTree = "<group>"; };
		614FA68A262B81F400A68B04 /* LogView.swift */ = {isa = PBXFileReference; fileEncoding = 4; lastKnownFileType = sourcecode.swift; path = LogView.swift; sourceTree = "<group>"; };
		614FA68B262B81F400A68B04 /* Prefs.swift */ = {isa = PBXFileReference; fileEncoding = 4; lastKnownFileType = sourcecode.swift; path = Prefs.swift; sourceTree = "<group>"; };
		614FA69D262D473700A68B04 /* quack.mp3 */ = {isa = PBXFileReference; lastKnownFileType = audio.mp3; path = quack.mp3; sourceTree = "<group>"; };
		614FA6A5262E240700A68B04 /* BartyCrouch.swift */ = {isa = PBXFileReference; fileEncoding = 4; lastKnownFileType = sourcecode.swift; path = BartyCrouch.swift; sourceTree = "<group>"; };
		614FA6AD262E44CB00A68B04 /* en */ = {isa = PBXFileReference; lastKnownFileType = text.plist.strings; name = en; path = en.lproj/InfoPlist.strings; sourceTree = "<group>"; };
		614FA6B0262E44EB00A68B04 /* fr */ = {isa = PBXFileReference; lastKnownFileType = text.plist.strings; name = fr; path = fr.lproj/InfoPlist.strings; sourceTree = "<group>"; };
		614FA6C52631EB3A00A68B04 /* ButtonStyles.swift */ = {isa = PBXFileReference; lastKnownFileType = sourcecode.swift; path = ButtonStyles.swift; sourceTree = "<group>"; };
		614FA6C92631ED4F00A68B04 /* DetailsDividerView.swift */ = {isa = PBXFileReference; lastKnownFileType = sourcecode.swift; path = DetailsDividerView.swift; sourceTree = "<group>"; };
		614FA6CD2631F04C00A68B04 /* HostingWindowFinder.swift */ = {isa = PBXFileReference; lastKnownFileType = sourcecode.swift; path = HostingWindowFinder.swift; sourceTree = "<group>"; };
		614FA71426378B0500A68B04 /* InlineActionPicker.swift */ = {isa = PBXFileReference; lastKnownFileType = sourcecode.swift; path = InlineActionPicker.swift; sourceTree = "<group>"; };
/* End PBXFileReference section */

/* Begin PBXFrameworksBuildPhase section */
		614FA663262AA56A00A68B04 /* Frameworks */ = {
			isa = PBXFrameworksBuildPhase;
			buildActionMask = 2147483647;
			files = (
			);
			runOnlyForDeploymentPostprocessing = 0;
		};
/* End PBXFrameworksBuildPhase section */

/* Begin PBXGroup section */
		614FA65D262AA56A00A68B04 = {
			isa = PBXGroup;
			children = (
				614FA668262AA56A00A68B04 /* LeBackup */,
				614FA667262AA56A00A68B04 /* Products */,
			);
			sourceTree = "<group>";
		};
		614FA667262AA56A00A68B04 /* Products */ = {
			isa = PBXGroup;
			children = (
				614FA666262AA56A00A68B04 /* LeBackup.app */,
			);
			name = Products;
			sourceTree = "<group>";
		};
		614FA668262AA56A00A68B04 /* LeBackup */ = {
			isa = PBXGroup;
			children = (
				614FA6A5262E240700A68B04 /* BartyCrouch.swift */,
				614FA6C52631EB3A00A68B04 /* ButtonStyles.swift */,
				614FA66B262AA56A00A68B04 /* ContentView.swift */,
				614FA6CD2631F04C00A68B04 /* HostingWindowFinder.swift */,
				614FA6C92631ED4F00A68B04 /* DetailsDividerView.swift */,
				614FA71426378B0500A68B04 /* InlineActionPicker.swift */,
				614FA69C262D46F400A68B04 /* Resources */,
				614FA685262B81F300A68B04 /* LogStore.swift */,
				614FA68A262B81F400A68B04 /* LogView.swift */,
				614FA68B262B81F400A68B04 /* Prefs.swift */,
				614FA687262B81F300A68B04 /* PrefsView.swift */,
				614FA686262B81F300A68B04 /* Runner.swift */,
				614FA688262B81F300A68B04 /* Scripter.swift */,
				614FA669262AA56A00A68B04 /* LeBackupApp.swift */,
				614FA681262B7FB900A68B04 /* Localizable.strings */,
				614FA66D262AA56A00A68B04 /* Assets.xcassets */,
				614FA672262AA56B00A68B04 /* Info.plist */,
				614FA673262AA56B00A68B04 /* LeBackup.entitlements */,
				614FA6AE262E44CB00A68B04 /* InfoPlist.strings */,
				614FA66F262AA56A00A68B04 /* Preview Content */,
			);
			path = LeBackup;
			sourceTree = "<group>";
		};
		614FA66F262AA56A00A68B04 /* Preview Content */ = {
			isa = PBXGroup;
			children = (
				614FA670262AA56A00A68B04 /* Preview Assets.xcassets */,
			);
			path = "Preview Content";
			sourceTree = "<group>";
		};
		614FA69C262D46F400A68B04 /* Resources */ = {
			isa = PBXGroup;
			children = (
				614FA69D262D473700A68B04 /* quack.mp3 */,
			);
			path = Resources;
			sourceTree = "<group>";
		};
/* End PBXGroup section */

/* Begin PBXNativeTarget section */
		614FA665262AA56A00A68B04 /* LeBackup */ = {
			isa = PBXNativeTarget;
			buildConfigurationList = 614FA676262AA56B00A68B04 /* Build configuration list for PBXNativeTarget "LeBackup" */;
			buildPhases = (
				614FA6A0262E21AF00A68B04 /* Update Localization files */,
				614FA662262AA56A00A68B04 /* Sources */,
				614FA663262AA56A00A68B04 /* Frameworks */,
				614FA664262AA56A00A68B04 /* Resources */,
				614FA6B9262E994C00A68B04 /* Set Build Number */,
			);
			buildRules = (
			);
			dependencies = (
			);
			name = LeBackup;
			productName = LeBackup;
			productReference = 614FA666262AA56A00A68B04 /* LeBackup.app */;
			productType = "com.apple.product-type.application";
		};
/* End PBXNativeTarget section */

/* Begin PBXProject section */
		614FA65E262AA56A00A68B04 /* Project object */ = {
			isa = PBXProject;
			attributes = {
				LastSwiftUpdateCheck = 1240;
				LastUpgradeCheck = 1240;
				TargetAttributes = {
					614FA665262AA56A00A68B04 = {
						CreatedOnToolsVersion = 12.4;
					};
				};
			};
			buildConfigurationList = 614FA661262AA56A00A68B04 /* Build configuration list for PBXProject "LeBackup" */;
			compatibilityVersion = "Xcode 12.0";
			developmentRegion = en;
			hasScannedForEncodings = 0;
			knownRegions = (
				en,
				Base,
				fr,
			);
			mainGroup = 614FA65D262AA56A00A68B04;
			productRefGroup = 614FA667262AA56A00A68B04 /* Products */;
			projectDirPath = "";
			projectRoot = "";
			targets = (
				614FA665262AA56A00A68B04 /* LeBackup */,
			);
		};
/* End PBXProject section */

/* Begin PBXResourcesBuildPhase section */
		614FA664262AA56A00A68B04 /* Resources */ = {
			isa = PBXResourcesBuildPhase;
			buildActionMask = 2147483647;
			files = (
				614FA69E262D473700A68B04 /* quack.mp3 in Resources */,
				614FA671262AA56B00A68B04 /* Preview Assets.xcassets in Resources */,
				614FA67F262B7FB900A68B04 /* Localizable.strings in Resources */,
				614FA66E262AA56A00A68B04 /* Assets.xcassets in Resources */,
				614FA6AC262E44CB00A68B04 /* InfoPlist.strings in Resources */,
			);
			runOnlyForDeploymentPostprocessing = 0;
		};
/* End PBXResourcesBuildPhase section */

/* Begin PBXShellScriptBuildPhase section */
		614FA6A0262E21AF00A68B04 /* Update Localization files */ = {
			isa = PBXShellScriptBuildPhase;
			buildActionMask = 2147483647;
			files = (
			);
			inputFileListPaths = (
			);
			inputPaths = (
				"$(SRCROOT)/*.swift",
				"$(SRCROOT)/*.strings",
			);
			name = "Update Localization files";
			outputFileListPaths = (
			);
			outputPaths = (
			);
			runOnlyForDeploymentPostprocessing = 0;
			shellPath = /bin/sh;
			shellScript = "BARTY=\"bartycrouch\"\nif which $BARTY > /dev/null; then\n    $BARTY update -x\n    $BARTY lint -x\nelse\n    echo \"warning: BartyCrouch not installed, download it from https://github.com/Flinesoft/BartyCrouch\"\nfi\n";
		};
		614FA6B9262E994C00A68B04 /* Set Build Number */ = {
			isa = PBXShellScriptBuildPhase;
			buildActionMask = 2147483647;
			files = (
			);
			inputFileListPaths = (
			);
			inputPaths = (
			);
			name = "Set Build Number";
			outputFileListPaths = (
			);
			outputPaths = (
			);
			runOnlyForDeploymentPostprocessing = 0;
			shellPath = /bin/sh;
			shellScript = "#!/bin/bash\ngit=$(sh /etc/profile; which git)\nnumber_of_commits=$(\"$git\" rev-list HEAD --count)\n\ntarget_plist=\"$TARGET_BUILD_DIR/$INFOPLIST_PATH\"\ndsym_plist=\"$DWARF_DSYM_FOLDER_PATH/$DWARF_DSYM_FILE_NAME/Contents/Info.plist\"\n\nfor plist in \"$target_plist\" \"$dsym_plist\"; do\n  if [ -f \"$plist\" ]; then\n    /usr/libexec/PlistBuddy -c \"Set :CFBundleVersion $number_of_commits\" \"$plist\"\n  fi\ndone\n";
		};
/* End PBXShellScriptBuildPhase section */

/* Begin PBXSourcesBuildPhase section */
		614FA662262AA56A00A68B04 /* Sources */ = {
			isa = PBXSourcesBuildPhase;
			buildActionMask = 2147483647;
			files = (
				614FA6CE2631F04C00A68B04 /* HostingWindowFinder.swift in Sources */,
				614FA692262B81F400A68B04 /* Prefs.swift in Sources */,
				614FA6CA2631ED4F00A68B04 /* DetailsDividerView.swift in Sources */,
				614FA68E262B81F400A68B04 /* PrefsView.swift in Sources */,
				614FA71526378B0500A68B04 /* InlineActionPicker.swift in Sources */,
				614FA68C262B81F400A68B04 /* LogStore.swift in Sources */,
				614FA6C62631EB3A00A68B04 /* ButtonStyles.swift in Sources */,
				614FA68D262B81F400A68B04 /* Runner.swift in Sources */,
				614FA66C262AA56A00A68B04 /* ContentView.swift in Sources */,
				614FA6A6262E240700A68B04 /* BartyCrouch.swift in Sources */,
				614FA68F262B81F400A68B04 /* Scripter.swift in Sources */,
				614FA691262B81F400A68B04 /* LogView.swift in Sources */,
				614FA66A262AA56A00A68B04 /* LeBackupApp.swift in Sources */,
			);
			runOnlyForDeploymentPostprocessing = 0;
		};
/* End PBXSourcesBuildPhase section */

/* Begin PBXVariantGroup section */
		614FA681262B7FB900A68B04 /* Localizable.strings */ = {
			isa = PBXVariantGroup;
			children = (
				614FA680262B7FB900A68B04 /* en */,
				614FA683262B7FBE00A68B04 /* fr */,
			);
			name = Localizable.strings;
			sourceTree = "<group>";
		};
		614FA6AE262E44CB00A68B04 /* InfoPlist.strings */ = {
			isa = PBXVariantGroup;
			children = (
				614FA6AD262E44CB00A68B04 /* en */,
				614FA6B0262E44EB00A68B04 /* fr */,
			);
			name = InfoPlist.strings;
			sourceTree = "<group>";
		};
/* End PBXVariantGroup section */

/* Begin XCBuildConfiguration section */
		614FA674262AA56B00A68B04 /* Debug */ = {
			isa = XCBuildConfiguration;
			buildSettings = {
				ALWAYS_SEARCH_USER_PATHS = NO;
				CLANG_ANALYZER_NONNULL = YES;
				CLANG_ANALYZER_NUMBER_OBJECT_CONVERSION = YES_AGGRESSIVE;
				CLANG_CXX_LANGUAGE_STANDARD = "gnu++14";
				CLANG_CXX_LIBRARY = "libc++";
				CLANG_ENABLE_MODULES = YES;
				CLANG_ENABLE_OBJC_ARC = YES;
				CLANG_ENABLE_OBJC_WEAK = YES;
				CLANG_WARN_BLOCK_CAPTURE_AUTORELEASING = YES;
				CLANG_WARN_BOOL_CONVERSION = YES;
				CLANG_WARN_COMMA = YES;
				CLANG_WARN_CONSTANT_CONVERSION = YES;
				CLANG_WARN_DEPRECATED_OBJC_IMPLEMENTATIONS = YES;
				CLANG_WARN_DIRECT_OBJC_ISA_USAGE = YES_ERROR;
				CLANG_WARN_DOCUMENTATION_COMMENTS = YES;
				CLANG_WARN_EMPTY_BODY = YES;
				CLANG_WARN_ENUM_CONVERSION = YES;
				CLANG_WARN_INFINITE_RECURSION = YES;
				CLANG_WARN_INT_CONVERSION = YES;
				CLANG_WARN_NON_LITERAL_NULL_CONVERSION = YES;
				CLANG_WARN_OBJC_IMPLICIT_RETAIN_SELF = YES;
				CLANG_WARN_OBJC_LITERAL_CONVERSION = YES;
				CLANG_WARN_OBJC_ROOT_CLASS = YES_ERROR;
				CLANG_WARN_QUOTED_INCLUDE_IN_FRAMEWORK_HEADER = YES;
				CLANG_WARN_RANGE_LOOP_ANALYSIS = YES;
				CLANG_WARN_STRICT_PROTOTYPES = YES;
				CLANG_WARN_SUSPICIOUS_MOVE = YES;
				CLANG_WARN_UNGUARDED_AVAILABILITY = YES_AGGRESSIVE;
				CLANG_WARN_UNREACHABLE_CODE = YES;
				CLANG_WARN__DUPLICATE_METHOD_MATCH = YES;
				COPY_PHASE_STRIP = NO;
				DEBUG_INFORMATION_FORMAT = dwarf;
				ENABLE_STRICT_OBJC_MSGSEND = YES;
				ENABLE_TESTABILITY = YES;
				GCC_C_LANGUAGE_STANDARD = gnu11;
				GCC_DYNAMIC_NO_PIC = NO;
				GCC_NO_COMMON_BLOCKS = YES;
				GCC_OPTIMIZATION_LEVEL = 0;
				GCC_PREPROCESSOR_DEFINITIONS = (
					"DEBUG=1",
					"$(inherited)",
				);
				GCC_WARN_64_TO_32_BIT_CONVERSION = YES;
				GCC_WARN_ABOUT_RETURN_TYPE = YES_ERROR;
				GCC_WARN_UNDECLARED_SELECTOR = YES;
				GCC_WARN_UNINITIALIZED_AUTOS = YES_AGGRESSIVE;
				GCC_WARN_UNUSED_FUNCTION = YES;
				GCC_WARN_UNUSED_VARIABLE = YES;
				MACOSX_DEPLOYMENT_TARGET = 11.1;
				MTL_ENABLE_DEBUG_INFO = INCLUDE_SOURCE;
				MTL_FAST_MATH = YES;
				ONLY_ACTIVE_ARCH = YES;
				SDKROOT = macosx;
				SWIFT_ACTIVE_COMPILATION_CONDITIONS = DEBUG;
				SWIFT_OPTIMIZATION_LEVEL = "-Onone";
			};
			name = Debug;
		};
		614FA675262AA56B00A68B04 /* Release */ = {
			isa = XCBuildConfiguration;
			buildSettings = {
				ALWAYS_SEARCH_USER_PATHS = NO;
				CLANG_ANALYZER_NONNULL = YES;
				CLANG_ANALYZER_NUMBER_OBJECT_CONVERSION = YES_AGGRESSIVE;
				CLANG_CXX_LANGUAGE_STANDARD = "gnu++14";
				CLANG_CXX_LIBRARY = "libc++";
				CLANG_ENABLE_MODULES = YES;
				CLANG_ENABLE_OBJC_ARC = YES;
				CLANG_ENABLE_OBJC_WEAK = YES;
				CLANG_WARN_BLOCK_CAPTURE_AUTORELEASING = YES;
				CLANG_WARN_BOOL_CONVERSION = YES;
				CLANG_WARN_COMMA = YES;
				CLANG_WARN_CONSTANT_CONVERSION = YES;
				CLANG_WARN_DEPRECATED_OBJC_IMPLEMENTATIONS = YES;
				CLANG_WARN_DIRECT_OBJC_ISA_USAGE = YES_ERROR;
				CLANG_WARN_DOCUMENTATION_COMMENTS = YES;
				CLANG_WARN_EMPTY_BODY = YES;
				CLANG_WARN_ENUM_CONVERSION = YES;
				CLANG_WARN_INFINITE_RECURSION = YES;
				CLANG_WARN_INT_CONVERSION = YES;
				CLANG_WARN_NON_LITERAL_NULL_CONVERSION = YES;
				CLANG_WARN_OBJC_IMPLICIT_RETAIN_SELF = YES;
				CLANG_WARN_OBJC_LITERAL_CONVERSION = YES;
				CLANG_WARN_OBJC_ROOT_CLASS = YES_ERROR;
				CLANG_WARN_QUOTED_INCLUDE_IN_FRAMEWORK_HEADER = YES;
				CLANG_WARN_RANGE_LOOP_ANALYSIS = YES;
				CLANG_WARN_STRICT_PROTOTYPES = YES;
				CLANG_WARN_SUSPICIOUS_MOVE = YES;
				CLANG_WARN_UNGUARDED_AVAILABILITY = YES_AGGRESSIVE;
				CLANG_WARN_UNREACHABLE_CODE = YES;
				CLANG_WARN__DUPLICATE_METHOD_MATCH = YES;
				COPY_PHASE_STRIP = NO;
				DEBUG_INFORMATION_FORMAT = "dwarf-with-dsym";
				ENABLE_NS_ASSERTIONS = NO;
				ENABLE_STRICT_OBJC_MSGSEND = YES;
				GCC_C_LANGUAGE_STANDARD = gnu11;
				GCC_NO_COMMON_BLOCKS = YES;
				GCC_WARN_64_TO_32_BIT_CONVERSION = YES;
				GCC_WARN_ABOUT_RETURN_TYPE = YES_ERROR;
				GCC_WARN_UNDECLARED_SELECTOR = YES;
				GCC_WARN_UNINITIALIZED_AUTOS = YES_AGGRESSIVE;
				GCC_WARN_UNUSED_FUNCTION = YES;
				GCC_WARN_UNUSED_VARIABLE = YES;
				MACOSX_DEPLOYMENT_TARGET = 11.1;
				MTL_ENABLE_DEBUG_INFO = NO;
				MTL_FAST_MATH = YES;
				SDKROOT = macosx;
				SWIFT_COMPILATION_MODE = wholemodule;
				SWIFT_OPTIMIZATION_LEVEL = "-O";
			};
			name = Release;
		};
		614FA677262AA56B00A68B04 /* Debug */ = {
			isa = XCBuildConfiguration;
			buildSettings = {
				ASSETCATALOG_COMPILER_APPICON_NAME = AppIcon;
				ASSETCATALOG_COMPILER_GLOBAL_ACCENT_COLOR_NAME = AccentColor;
				CODE_SIGN_ENTITLEMENTS = LeBackup/LeBackup.entitlements;
				CODE_SIGN_STYLE = Automatic;
				COMBINE_HIDPI_IMAGES = YES;
				CURRENT_PROJECT_VERSION = 5;
				DEVELOPMENT_ASSET_PATHS = "\"LeBackup/Preview Content\"";
				DEVELOPMENT_TEAM = 55RU8QQ429;
				ENABLE_HARDENED_RUNTIME = YES;
				ENABLE_PREVIEWS = YES;
				INFOPLIST_FILE = LeBackup/Info.plist;
				LD_RUNPATH_SEARCH_PATHS = (
					"$(inherited)",
					"@executable_path/../Frameworks",
				);
				MACOSX_DEPLOYMENT_TARGET = 11.0;
				MARKETING_VERSION = 0.3;
				PRODUCT_BUNDLE_IDENTIFIER = com.vmallet.LeBackup;
				PRODUCT_NAME = "$(TARGET_NAME)";
				SWIFT_VERSION = 5.0;
			};
			name = Debug;
		};
		614FA678262AA56B00A68B04 /* Release */ = {
			isa = XCBuildConfiguration;
			buildSettings = {
				ASSETCATALOG_COMPILER_APPICON_NAME = AppIcon;
				ASSETCATALOG_COMPILER_GLOBAL_ACCENT_COLOR_NAME = AccentColor;
				CODE_SIGN_ENTITLEMENTS = LeBackup/LeBackup.entitlements;
				CODE_SIGN_STYLE = Automatic;
				COMBINE_HIDPI_IMAGES = YES;
				CURRENT_PROJECT_VERSION = 5;
				DEVELOPMENT_ASSET_PATHS = "\"LeBackup/Preview Content\"";
				DEVELOPMENT_TEAM = 55RU8QQ429;
				ENABLE_HARDENED_RUNTIME = YES;
				ENABLE_PREVIEWS = YES;
				INFOPLIST_FILE = LeBackup/Info.plist;
				LD_RUNPATH_SEARCH_PATHS = (
					"$(inherited)",
					"@executable_path/../Frameworks",
				);
				MACOSX_DEPLOYMENT_TARGET = 11.0;
				MARKETING_VERSION = 0.3;
				PRODUCT_BUNDLE_IDENTIFIER = com.vmallet.LeBackup;
				PRODUCT_NAME = "$(TARGET_NAME)";
				SWIFT_VERSION = 5.0;
			};
			name = Release;
		};
/* End XCBuildConfiguration section */

/* Begin XCConfigurationList section */
		614FA661262AA56A00A68B04 /* Build configuration list for PBXProject "LeBackup" */ = {
			isa = XCConfigurationList;
			buildConfigurations = (
				614FA674262AA56B00A68B04 /* Debug */,
				614FA675262AA56B00A68B04 /* Release */,
			);
			defaultConfigurationIsVisible = 0;
			defaultConfigurationName = Release;
		};
		614FA676262AA56B00A68B04 /* Build configuration list for PBXNativeTarget "LeBackup" */ = {
			isa = XCConfigurationList;
			buildConfigurations = (
				614FA677262AA56B00A68B04 /* Debug */,
				614FA678262AA56B00A68B04 /* Release */,
			);
			defaultConfigurationIsVisible = 0;
			defaultConfigurationName = Release;
		};
/* End XCConfigurationList section */
	};
	rootObject = 614FA65E262AA56A00A68B04 /* Project object */;
}
